// !$*UTF8*$!
{
	archiveVersion = 1;
	classes = {
	};
	objectVersion = 46;
	objects = {

/* Begin PBXBuildFile section */
		1756A9DC17CFA80C00B55436 /* NSString+Value.m in Sources */ = {isa = PBXBuildFile; fileRef = 1756A9DB17CFA80C00B55436 /* NSString+Value.m */; };
		17D774F017D8C10400526659 /* Storyboard_iPhone.storyboard in Resources */ = {isa = PBXBuildFile; fileRef = 17D774EF17D8C10400526659 /* Storyboard_iPhone.storyboard */; };
		17D774F317D8C26D00526659 /* ITWordsTableViewController.m in Sources */ = {isa = PBXBuildFile; fileRef = 17D774F217D8C26D00526659 /* ITWordsTableViewController.m */; };
		17D774F617D8C92400526659 /* ITMeaningViewController.m in Sources */ = {isa = PBXBuildFile; fileRef = 17D774F517D8C92400526659 /* ITMeaningViewController.m */; };
		D92AE14F17D06FE4005EAF4E /* ITWordSectionEntry.m in Sources */ = {isa = PBXBuildFile; fileRef = D92AE14E17D06FE4005EAF4E /* ITWordSectionEntry.m */; };
		D94D7A8217CB9CCE0026B96C /* UIKit.framework in Frameworks */ = {isa = PBXBuildFile; fileRef = D94D7A8117CB9CCE0026B96C /* UIKit.framework */; };
		D94D7A8417CB9CCE0026B96C /* Foundation.framework in Frameworks */ = {isa = PBXBuildFile; fileRef = D94D7A8317CB9CCE0026B96C /* Foundation.framework */; };
		D94D7A8617CB9CCE0026B96C /* CoreGraphics.framework in Frameworks */ = {isa = PBXBuildFile; fileRef = D94D7A8517CB9CCE0026B96C /* CoreGraphics.framework */; };
		D94D7A8C17CB9CCE0026B96C /* InfoPlist.strings in Resources */ = {isa = PBXBuildFile; fileRef = D94D7A8A17CB9CCE0026B96C /* InfoPlist.strings */; };
		D94D7A8E17CB9CCE0026B96C /* main.m in Sources */ = {isa = PBXBuildFile; fileRef = D94D7A8D17CB9CCE0026B96C /* main.m */; };
		D94D7A9217CB9CCE0026B96C /* ITAppDelegate.m in Sources */ = {isa = PBXBuildFile; fileRef = D94D7A9117CB9CCE0026B96C /* ITAppDelegate.m */; };
		D94D7A9417CB9CCE0026B96C /* Default.png in Resources */ = {isa = PBXBuildFile; fileRef = D94D7A9317CB9CCE0026B96C /* Default.png */; };
		D94D7A9617CB9CCE0026B96C /* Default@2x.png in Resources */ = {isa = PBXBuildFile; fileRef = D94D7A9517CB9CCE0026B96C /* Default@2x.png */; };
		D94D7A9817CB9CCE0026B96C /* Default-568h@2x.png in Resources */ = {isa = PBXBuildFile; fileRef = D94D7A9717CB9CCE0026B96C /* Default-568h@2x.png */; };
		D94D7AA017CB9D330026B96C /* ITWordEntry.m in Sources */ = {isa = PBXBuildFile; fileRef = D94D7A9F17CB9D330026B96C /* ITWordEntry.m */; };
		D94D7AA317CB9E260026B96C /* ITDictionary.m in Sources */ = {isa = PBXBuildFile; fileRef = D94D7AA217CB9E260026B96C /* ITDictionary.m */; };
		D9D3C68C17DDB381007FB7B3 /* libz.dylib in Frameworks */ = {isa = PBXBuildFile; fileRef = D9D3C68B17DDB381007FB7B3 /* libz.dylib */; };
		D9D3C68F17DDB3F6007FB7B3 /* NSData+ZIP.m in Sources */ = {isa = PBXBuildFile; fileRef = D9D3C68E17DDB3F6007FB7B3 /* NSData+ZIP.m */; };
		D9E09C8417E076FC00A18391 /* NSString+ZipFileName.m in Sources */ = {isa = PBXBuildFile; fileRef = D9E09C8317E076FC00A18391 /* NSString+ZipFileName.m */; };
		D9E09C8A17E07D7C00A18391 /* dict.blockData.itz in Resources */ = {isa = PBXBuildFile; fileRef = D9E09C8617E07D7C00A18391 /* dict.blockData.itz */; };
		D9E09C8B17E07D7C00A18391 /* dict.blockEntries.itz in Resources */ = {isa = PBXBuildFile; fileRef = D9E09C8717E07D7C00A18391 /* dict.blockEntries.itz */; };
		D9E09C8C17E07D7C00A18391 /* dict.idx.itz in Resources */ = {isa = PBXBuildFile; fileRef = D9E09C8817E07D7C00A18391 /* dict.idx.itz */; };
		D9E09C8D17E07D7C00A18391 /* dict.ifo.itz in Resources */ = {isa = PBXBuildFile; fileRef = D9E09C8917E07D7C00A18391 /* dict.ifo.itz */; };
		D9E1BCD517D09FDF009B0E34 /* ITDictionaryEngine.m in Sources */ = {isa = PBXBuildFile; fileRef = D9E1BCD417D09FDF009B0E34 /* ITDictionaryEngine.m */; };
/* End PBXBuildFile section */

/* Begin PBXFileReference section */
		1756A9DA17CFA80C00B55436 /* NSString+Value.h */ = {isa = PBXFileReference; fileEncoding = 4; lastKnownFileType = sourcecode.c.h; path = "NSString+Value.h"; sourceTree = "<group>"; };
		1756A9DB17CFA80C00B55436 /* NSString+Value.m */ = {isa = PBXFileReference; fileEncoding = 4; lastKnownFileType = sourcecode.c.objc; path = "NSString+Value.m"; sourceTree = "<group>"; };
		17D774EF17D8C10400526659 /* Storyboard_iPhone.storyboard */ = {isa = PBXFileReference; fileEncoding = 4; lastKnownFileType = file.storyboard; path = Storyboard_iPhone.storyboard; sourceTree = "<group>"; };
		17D774F117D8C26D00526659 /* ITWordsTableViewController.h */ = {isa = PBXFileReference; fileEncoding = 4; lastKnownFileType = sourcecode.c.h; path = ITWordsTableViewController.h; sourceTree = "<group>"; };
		17D774F217D8C26D00526659 /* ITWordsTableViewController.m */ = {isa = PBXFileReference; fileEncoding = 4; lastKnownFileType = sourcecode.c.objc; path = ITWordsTableViewController.m; sourceTree = "<group>"; };
		17D774F417D8C92400526659 /* ITMeaningViewController.h */ = {isa = PBXFileReference; fileEncoding = 4; lastKnownFileType = sourcecode.c.h; path = ITMeaningViewController.h; sourceTree = "<group>"; };
		17D774F517D8C92400526659 /* ITMeaningViewController.m */ = {isa = PBXFileReference; fileEncoding = 4; lastKnownFileType = sourcecode.c.objc; path = ITMeaningViewController.m; sourceTree = "<group>"; };
		D92AE14A17D04FD3005EAF4E /* ITConstants.h */ = {isa = PBXFileReference; fileEncoding = 4; lastKnownFileType = sourcecode.c.h; path = ITConstants.h; sourceTree = "<group>"; };
		D92AE14D17D06FE4005EAF4E /* ITWordSectionEntry.h */ = {isa = PBXFileReference; fileEncoding = 4; lastKnownFileType = sourcecode.c.h; path = ITWordSectionEntry.h; sourceTree = "<group>"; };
		D92AE14E17D06FE4005EAF4E /* ITWordSectionEntry.m */ = {isa = PBXFileReference; fileEncoding = 4; lastKnownFileType = sourcecode.c.objc; path = ITWordSectionEntry.m; sourceTree = "<group>"; };
		D94D7A7E17CB9CCE0026B96C /* Example.app */ = {isa = PBXFileReference; explicitFileType = wrapper.application; includeInIndex = 0; path = Example.app; sourceTree = BUILT_PRODUCTS_DIR; };
		D94D7A8117CB9CCE0026B96C /* UIKit.framework */ = {isa = PBXFileReference; lastKnownFileType = wrapper.framework; name = UIKit.framework; path = System/Library/Frameworks/UIKit.framework; sourceTree = SDKROOT; };
		D94D7A8317CB9CCE0026B96C /* Foundation.framework */ = {isa = PBXFileReference; lastKnownFileType = wrapper.framework; name = Foundation.framework; path = System/Library/Frameworks/Foundation.framework; sourceTree = SDKROOT; };
		D94D7A8517CB9CCE0026B96C /* CoreGraphics.framework */ = {isa = PBXFileReference; lastKnownFileType = wrapper.framework; name = CoreGraphics.framework; path = System/Library/Frameworks/CoreGraphics.framework; sourceTree = SDKROOT; };
		D94D7A8917CB9CCE0026B96C /* Example-Info.plist */ = {isa = PBXFileReference; lastKnownFileType = text.plist.xml; path = "Example-Info.plist"; sourceTree = "<group>"; };
		D94D7A8B17CB9CCE0026B96C /* en */ = {isa = PBXFileReference; lastKnownFileType = text.plist.strings; name = en; path = en.lproj/InfoPlist.strings; sourceTree = "<group>"; };
		D94D7A8D17CB9CCE0026B96C /* main.m */ = {isa = PBXFileReference; lastKnownFileType = sourcecode.c.objc; path = main.m; sourceTree = "<group>"; };
		D94D7A8F17CB9CCE0026B96C /* Example-Prefix.pch */ = {isa = PBXFileReference; lastKnownFileType = sourcecode.c.h; path = "Example-Prefix.pch"; sourceTree = "<group>"; };
		D94D7A9017CB9CCE0026B96C /* ITAppDelegate.h */ = {isa = PBXFileReference; lastKnownFileType = sourcecode.c.h; path = ITAppDelegate.h; sourceTree = "<group>"; };
		D94D7A9117CB9CCE0026B96C /* ITAppDelegate.m */ = {isa = PBXFileReference; lastKnownFileType = sourcecode.c.objc; path = ITAppDelegate.m; sourceTree = "<group>"; };
		D94D7A9317CB9CCE0026B96C /* Default.png */ = {isa = PBXFileReference; lastKnownFileType = image.png; path = Default.png; sourceTree = "<group>"; };
		D94D7A9517CB9CCE0026B96C /* Default@2x.png */ = {isa = PBXFileReference; lastKnownFileType = image.png; path = "Default@2x.png"; sourceTree = "<group>"; };
		D94D7A9717CB9CCE0026B96C /* Default-568h@2x.png */ = {isa = PBXFileReference; lastKnownFileType = image.png; path = "Default-568h@2x.png"; sourceTree = "<group>"; };
		D94D7A9E17CB9D330026B96C /* ITWordEntry.h */ = {isa = PBXFileReference; fileEncoding = 4; lastKnownFileType = sourcecode.c.h; path = ITWordEntry.h; sourceTree = "<group>"; };
		D94D7A9F17CB9D330026B96C /* ITWordEntry.m */ = {isa = PBXFileReference; fileEncoding = 4; lastKnownFileType = sourcecode.c.objc; path = ITWordEntry.m; sourceTree = "<group>"; };
		D94D7AA117CB9E260026B96C /* ITDictionary.h */ = {isa = PBXFileReference; fileEncoding = 4; lastKnownFileType = sourcecode.c.h; path = ITDictionary.h; sourceTree = "<group>"; };
		D94D7AA217CB9E260026B96C /* ITDictionary.m */ = {isa = PBXFileReference; fileEncoding = 4; lastKnownFileType = sourcecode.c.objc; path = ITDictionary.m; sourceTree = "<group>"; };
		D9D3C68B17DDB381007FB7B3 /* libz.dylib */ = {isa = PBXFileReference; lastKnownFileType = "compiled.mach-o.dylib"; name = libz.dylib; path = usr/lib/libz.dylib; sourceTree = SDKROOT; };
		D9D3C68D17DDB3F6007FB7B3 /* NSData+ZIP.h */ = {isa = PBXFileReference; fileEncoding = 4; lastKnownFileType = sourcecode.c.h; path = "NSData+ZIP.h"; sourceTree = "<group>"; };
		D9D3C68E17DDB3F6007FB7B3 /* NSData+ZIP.m */ = {isa = PBXFileReference; fileEncoding = 4; lastKnownFileType = sourcecode.c.objc; path = "NSData+ZIP.m"; sourceTree = "<group>"; };
		D9E09C8217E076FC00A18391 /* NSString+ZipFileName.h */ = {isa = PBXFileReference; fileEncoding = 4; lastKnownFileType = sourcecode.c.h; path = "NSString+ZipFileName.h"; sourceTree = "<group>"; };
		D9E09C8317E076FC00A18391 /* NSString+ZipFileName.m */ = {isa = PBXFileReference; fileEncoding = 4; lastKnownFileType = sourcecode.c.objc; path = "NSString+ZipFileName.m"; sourceTree = "<group>"; };
		D9E09C8617E07D7C00A18391 /* dict.blockData.itz */ = {isa = PBXFileReference; lastKnownFileType = file; path = dict.blockData.itz; sourceTree = "<group>"; };
		D9E09C8717E07D7C00A18391 /* dict.blockEntries.itz */ = {isa = PBXFileReference; lastKnownFileType = file; path = dict.blockEntries.itz; sourceTree = "<group>"; };
		D9E09C8817E07D7C00A18391 /* dict.idx.itz */ = {isa = PBXFileReference; lastKnownFileType = file; path = dict.idx.itz; sourceTree = "<group>"; };
		D9E09C8917E07D7C00A18391 /* dict.ifo.itz */ = {isa = PBXFileReference; lastKnownFileType = file; path = dict.ifo.itz; sourceTree = "<group>"; };
		D9E1BCD317D09FDF009B0E34 /* ITDictionaryEngine.h */ = {isa = PBXFileReference; fileEncoding = 4; lastKnownFileType = sourcecode.c.h; path = ITDictionaryEngine.h; sourceTree = "<group>"; };
		D9E1BCD417D09FDF009B0E34 /* ITDictionaryEngine.m */ = {isa = PBXFileReference; fileEncoding = 4; lastKnownFileType = sourcecode.c.objc; path = ITDictionaryEngine.m; sourceTree = "<group>"; };
/* End PBXFileReference section */

/* Begin PBXFrameworksBuildPhase section */
		D94D7A7B17CB9CCE0026B96C /* Frameworks */ = {
			isa = PBXFrameworksBuildPhase;
			buildActionMask = 2147483647;
			files = (
				D9D3C68C17DDB381007FB7B3 /* libz.dylib in Frameworks */,
				D94D7A8217CB9CCE0026B96C /* UIKit.framework in Frameworks */,
				D94D7A8417CB9CCE0026B96C /* Foundation.framework in Frameworks */,
				D94D7A8617CB9CCE0026B96C /* CoreGraphics.framework in Frameworks */,
			);
			runOnlyForDeploymentPostprocessing = 0;
		};
/* End PBXFrameworksBuildPhase section */

/* Begin PBXGroup section */
		D94D7A7517CB9CCE0026B96C = {
			isa = PBXGroup;
			children = (
				D94D7A8717CB9CCE0026B96C /* Example */,
				D94D7A8017CB9CCE0026B96C /* Frameworks */,
				D94D7A7F17CB9CCE0026B96C /* Products */,
			);
			sourceTree = "<group>";
		};
		D94D7A7F17CB9CCE0026B96C /* Products */ = {
			isa = PBXGroup;
			children = (
				D94D7A7E17CB9CCE0026B96C /* Example.app */,
			);
			name = Products;
			sourceTree = "<group>";
		};
		D94D7A8017CB9CCE0026B96C /* Frameworks */ = {
			isa = PBXGroup;
			children = (
				D9D3C68B17DDB381007FB7B3 /* libz.dylib */,
				D94D7A8117CB9CCE0026B96C /* UIKit.framework */,
				D94D7A8317CB9CCE0026B96C /* Foundation.framework */,
				D94D7A8517CB9CCE0026B96C /* CoreGraphics.framework */,
			);
			name = Frameworks;
			sourceTree = "<group>";
		};
		D94D7A8717CB9CCE0026B96C /* Example */ = {
			isa = PBXGroup;
			children = (
				D9E09C8217E076FC00A18391 /* NSString+ZipFileName.h */,
				D9E09C8317E076FC00A18391 /* NSString+ZipFileName.m */,
				D94D7A9017CB9CCE0026B96C /* ITAppDelegate.h */,
				D94D7A9117CB9CCE0026B96C /* ITAppDelegate.m */,
				D92AE14A17D04FD3005EAF4E /* ITConstants.h */,
				1756A9DA17CFA80C00B55436 /* NSString+Value.h */,
				1756A9DB17CFA80C00B55436 /* NSString+Value.m */,
				D94D7A9E17CB9D330026B96C /* ITWordEntry.h */,
				D94D7A9F17CB9D330026B96C /* ITWordEntry.m */,
				D92AE14D17D06FE4005EAF4E /* ITWordSectionEntry.h */,
				D92AE14E17D06FE4005EAF4E /* ITWordSectionEntry.m */,
				D94D7AA117CB9E260026B96C /* ITDictionary.h */,
				D94D7AA217CB9E260026B96C /* ITDictionary.m */,
				D9E1BCD317D09FDF009B0E34 /* ITDictionaryEngine.h */,
				D9E1BCD417D09FDF009B0E34 /* ITDictionaryEngine.m */,
				D9D3C68D17DDB3F6007FB7B3 /* NSData+ZIP.h */,
				D9D3C68E17DDB3F6007FB7B3 /* NSData+ZIP.m */,
				17D774EF17D8C10400526659 /* Storyboard_iPhone.storyboard */,
				17D774F417D8C92400526659 /* ITMeaningViewController.h */,
				17D774F517D8C92400526659 /* ITMeaningViewController.m */,
				17D774F117D8C26D00526659 /* ITWordsTableViewController.h */,
				17D774F217D8C26D00526659 /* ITWordsTableViewController.m */,
				D94D7A8817CB9CCE0026B96C /* Supporting Files */,
			);
			path = Example;
			sourceTree = "<group>";
		};
		D94D7A8817CB9CCE0026B96C /* Supporting Files */ = {
			isa = PBXGroup;
			children = (
				D9E09C8517E07D7C00A18391 /* stardict_en_vi */,
				D94D7A8917CB9CCE0026B96C /* Example-Info.plist */,
				D94D7A8A17CB9CCE0026B96C /* InfoPlist.strings */,
				D94D7A8D17CB9CCE0026B96C /* main.m */,
				D94D7A8F17CB9CCE0026B96C /* Example-Prefix.pch */,
				D94D7A9317CB9CCE0026B96C /* Default.png */,
				D94D7A9517CB9CCE0026B96C /* Default@2x.png */,
				D94D7A9717CB9CCE0026B96C /* Default-568h@2x.png */,
			);
			name = "Supporting Files";
			sourceTree = "<group>";
		};
		D9E09C8517E07D7C00A18391 /* stardict_en_vi */ = {
			isa = PBXGroup;
			children = (
				D9E09C8617E07D7C00A18391 /* dict.blockData.itz */,
				D9E09C8717E07D7C00A18391 /* dict.blockEntries.itz */,
				D9E09C8817E07D7C00A18391 /* dict.idx.itz */,
				D9E09C8917E07D7C00A18391 /* dict.ifo.itz */,
			);
			path = stardict_en_vi;
			sourceTree = "<group>";
		};
/* End PBXGroup section */

/* Begin PBXNativeTarget section */
		D94D7A7D17CB9CCE0026B96C /* Example */ = {
			isa = PBXNativeTarget;
			buildConfigurationList = D94D7A9B17CB9CCE0026B96C /* Build configuration list for PBXNativeTarget "Example" */;
			buildPhases = (
				D94D7A7A17CB9CCE0026B96C /* Sources */,
				D94D7A7B17CB9CCE0026B96C /* Frameworks */,
				D94D7A7C17CB9CCE0026B96C /* Resources */,
			);
			buildRules = (
			);
			dependencies = (
			);
			name = Example;
			productName = Example;
			productReference = D94D7A7E17CB9CCE0026B96C /* Example.app */;
			productType = "com.apple.product-type.application";
		};
/* End PBXNativeTarget section */

/* Begin PBXProject section */
		D94D7A7617CB9CCE0026B96C /* Project object */ = {
			isa = PBXProject;
			attributes = {
				CLASSPREFIX = IT;
				LastUpgradeCheck = 0460;
				ORGANIZATIONNAME = "tuanit09@gmail.com";
			};
			buildConfigurationList = D94D7A7917CB9CCE0026B96C /* Build configuration list for PBXProject "Example" */;
			compatibilityVersion = "Xcode 3.2";
			developmentRegion = English;
			hasScannedForEncodings = 0;
			knownRegions = (
				en,
			);
			mainGroup = D94D7A7517CB9CCE0026B96C;
			productRefGroup = D94D7A7F17CB9CCE0026B96C /* Products */;
			projectDirPath = "";
			projectRoot = "";
			targets = (
				D94D7A7D17CB9CCE0026B96C /* Example */,
			);
		};
/* End PBXProject section */

/* Begin PBXResourcesBuildPhase section */
		D94D7A7C17CB9CCE0026B96C /* Resources */ = {
			isa = PBXResourcesBuildPhase;
			buildActionMask = 2147483647;
			files = (
				D94D7A8C17CB9CCE0026B96C /* InfoPlist.strings in Resources */,
				D94D7A9417CB9CCE0026B96C /* Default.png in Resources */,
				D94D7A9617CB9CCE0026B96C /* Default@2x.png in Resources */,
				D94D7A9817CB9CCE0026B96C /* Default-568h@2x.png in Resources */,
				17D774F017D8C10400526659 /* Storyboard_iPhone.storyboard in Resources */,
				D9E09C8A17E07D7C00A18391 /* dict.blockData.itz in Resources */,
				D9E09C8B17E07D7C00A18391 /* dict.blockEntries.itz in Resources */,
				D9E09C8C17E07D7C00A18391 /* dict.idx.itz in Resources */,
				D9E09C8D17E07D7C00A18391 /* dict.ifo.itz in Resources */,
			);
			runOnlyForDeploymentPostprocessing = 0;
		};
/* End PBXResourcesBuildPhase section */

/* Begin PBXSourcesBuildPhase section */
		D94D7A7A17CB9CCE0026B96C /* Sources */ = {
			isa = PBXSourcesBuildPhase;
			buildActionMask = 2147483647;
			files = (
				D94D7A8E17CB9CCE0026B96C /* main.m in Sources */,
				D94D7A9217CB9CCE0026B96C /* ITAppDelegate.m in Sources */,
				D94D7AA017CB9D330026B96C /* ITWordEntry.m in Sources */,
				D94D7AA317CB9E260026B96C /* ITDictionary.m in Sources */,
				1756A9DC17CFA80C00B55436 /* NSString+Value.m in Sources */,
				D92AE14F17D06FE4005EAF4E /* ITWordSectionEntry.m in Sources */,
				D9E1BCD517D09FDF009B0E34 /* ITDictionaryEngine.m in Sources */,
				17D774F317D8C26D00526659 /* ITWordsTableViewController.m in Sources */,
				17D774F617D8C92400526659 /* ITMeaningViewController.m in Sources */,
				D9D3C68F17DDB3F6007FB7B3 /* NSData+ZIP.m in Sources */,
				D9E09C8417E076FC00A18391 /* NSString+ZipFileName.m in Sources */,
			);
			runOnlyForDeploymentPostprocessing = 0;
		};
/* End PBXSourcesBuildPhase section */

/* Begin PBXVariantGroup section */
		D94D7A8A17CB9CCE0026B96C /* InfoPlist.strings */ = {
			isa = PBXVariantGroup;
			children = (
				D94D7A8B17CB9CCE0026B96C /* en */,
			);
			name = InfoPlist.strings;
			sourceTree = "<group>";
		};
/* End PBXVariantGroup section */

/* Begin XCBuildConfiguration section */
		D94D7A9917CB9CCE0026B96C /* Debug */ = {
			isa = XCBuildConfiguration;
			buildSettings = {
				ALWAYS_SEARCH_USER_PATHS = NO;
				CLANG_CXX_LANGUAGE_STANDARD = "gnu++0x";
				CLANG_CXX_LIBRARY = "libc++";
				CLANG_ENABLE_OBJC_ARC = YES;
				CLANG_WARN_CONSTANT_CONVERSION = YES;
				CLANG_WARN_EMPTY_BODY = YES;
				CLANG_WARN_ENUM_CONVERSION = YES;
				CLANG_WARN_INT_CONVERSION = YES;
				CLANG_WARN__DUPLICATE_METHOD_MATCH = YES;
				"CODE_SIGN_IDENTITY[sdk=iphoneos*]" = "iPhone Developer";
				COPY_PHASE_STRIP = NO;
				GCC_C_LANGUAGE_STANDARD = gnu99;
				GCC_DYNAMIC_NO_PIC = NO;
				GCC_OPTIMIZATION_LEVEL = 0;
				GCC_PREPROCESSOR_DEFINITIONS = (
					"DEBUG=1",
					"$(inherited)",
				);
				GCC_SYMBOLS_PRIVATE_EXTERN = NO;
				GCC_WARN_ABOUT_RETURN_TYPE = YES;
				GCC_WARN_UNINITIALIZED_AUTOS = YES;
				GCC_WARN_UNUSED_VARIABLE = YES;
				IPHONEOS_DEPLOYMENT_TARGET = 6.1;
				ONLY_ACTIVE_ARCH = YES;
				SDKROOT = iphoneos;
			};
			name = Debug;
		};
		D94D7A9A17CB9CCE0026B96C /* Release */ = {
			isa = XCBuildConfiguration;
			buildSettings = {
				ALWAYS_SEARCH_USER_PATHS = NO;
				CLANG_CXX_LANGUAGE_STANDARD = "gnu++0x";
				CLANG_CXX_LIBRARY = "libc++";
				CLANG_ENABLE_OBJC_ARC = YES;
				CLANG_WARN_CONSTANT_CONVERSION = YES;
				CLANG_WARN_EMPTY_BODY = YES;
				CLANG_WARN_ENUM_CONVERSION = YES;
				CLANG_WARN_INT_CONVERSION = YES;
				CLANG_WARN__DUPLICATE_METHOD_MATCH = YES;
				"CODE_SIGN_IDENTITY[sdk=iphoneos*]" = "iPhone Developer";
				COPY_PHASE_STRIP = YES;
				GCC_C_LANGUAGE_STANDARD = gnu99;
				GCC_WARN_ABOUT_RETURN_TYPE = YES;
				GCC_WARN_UNINITIALIZED_AUTOS = YES;
				GCC_WARN_UNUSED_VARIABLE = YES;
				IPHONEOS_DEPLOYMENT_TARGET = 6.1;
				OTHER_CFLAGS = "-DNS_BLOCK_ASSERTIONS=1";
				SDKROOT = iphoneos;
				VALIDATE_PRODUCT = YES;
			};
			name = Release;
		};
		D94D7A9C17CB9CCE0026B96C /* Debug */ = {
			isa = XCBuildConfiguration;
			buildSettings = {
				GCC_PRECOMPILE_PREFIX_HEADER = YES;
				GCC_PREFIX_HEADER = "Example/Example-Prefix.pch";
				INFOPLIST_FILE = "Example/Example-Info.plist";
				IPHONEOS_DEPLOYMENT_TARGET = 5.0;
				PRODUCT_NAME = "$(TARGET_NAME)";
				WRAPPER_EXTENSION = app;
			};
			name = Debug;
		};
		D94D7A9D17CB9CCE0026B96C /* Release */ = {
			isa = XCBuildConfiguration;
			buildSettings = {
				GCC_PRECOMPILE_PREFIX_HEADER = YES;
				GCC_PREFIX_HEADER = "Example/Example-Prefix.pch";
				INFOPLIST_FILE = "Example/Example-Info.plist";
				IPHONEOS_DEPLOYMENT_TARGET = 5.0;
				PRODUCT_NAME = "$(TARGET_NAME)";
				WRAPPER_EXTENSION = app;
			};
			name = Release;
		};
/* End XCBuildConfiguration section */

/* Begin XCConfigurationList section */
		D94D7A7917CB9CCE0026B96C /* Build configuration list for PBXProject "Example" */ = {
			isa = XCConfigurationList;
			buildConfigurations = (
				D94D7A9917CB9CCE0026B96C /* Debug */,
				D94D7A9A17CB9CCE0026B96C /* Release */,
			);
			defaultConfigurationIsVisible = 0;
			defaultConfigurationName = Release;
		};
		D94D7A9B17CB9CCE0026B96C /* Build configuration list for PBXNativeTarget "Example" */ = {
			isa = XCConfigurationList;
			buildConfigurations = (
				D94D7A9C17CB9CCE0026B96C /* Debug */,
				D94D7A9D17CB9CCE0026B96C /* Release */,
			);
			defaultConfigurationIsVisible = 0;
			defaultConfigurationName = Release;
		};
/* End XCConfigurationList section */
	};
	rootObject = D94D7A7617CB9CCE0026B96C /* Project object */;
}
